
Microsoft Visual Studio Solution File, Format Version 10.00
# Visual Studio 2008
Project("{FAE04EC0-301F-11D3-BF4B-00C04F79EFBC}") = "MongoCrudNet", "MongoCrudNet.csproj", "{97EC0C7C-2249-4546-81D2-937426673AB8}"
EndProject
Global
	GlobalSection(SolutionConfigurationPlatforms) = preSolution
		Debug|Any CPU = Debug|Any CPU
		Release|Any CPU = Release|Any CPU
	EndGlobalSection
	GlobalSection(ProjectConfigurationPlatforms) = postSolution
		{97EC0C7C-2249-4546-81D2-937426673AB8}.Debug|Any CPU.ActiveCfg = Debug|Any CPU
		{97EC0C7C-2249-4546-81D2-937426673AB8}.Debug|Any CPU.Build.0 = Debug|Any CPU
		{97EC0C7C-2249-4546-81D2-937426673AB8}.Release|Any CPU.ActiveCfg = Release|Any CPU
		{97EC0C7C-2249-4546-81D2-937426673AB8}.Release|Any CPU.Build.0 = Release|Any CPU
	EndGlobalSection
	GlobalSection(MonoDevelopProperties) = preSolution
		StartupItem = MongoCrudNet.csproj
	EndGlobalSection
EndGlobal
